
Microsoft Visual Studio Solution File, Format Version 12.00
# Visual Studio Version 16
VisualStudioVersion = 16.0.31321.278
MinimumVisualStudioVersion = 10.0.40219.1
Project("{9A19103F-16F7-4668-BE54-9A1E7A4F7556}") = "Assignment2", "Assignment2\Assignment2.csproj", "{37CF6641-5964-473D-8804-0B24FBCB4B29}"
EndProject
Project("{9A19103F-16F7-4668-BE54-9A1E7A4F7556}") = "Assignment1", "Assignment1\Assignment1.csproj", "{5EAEADF0-4ED5-485F-8657-B65352818D72}"
EndProject
Project("{FAE04EC0-301F-11D3-BF4B-00C04F79EFBC}") = "Assignment1.2", "Assignment1.2\Assignment1.2.csproj", "{C8EAAE68-2563-4B17-951B-E364DDF77640}"
EndProject
Project("{FAE04EC0-301F-11D3-BF4B-00C04F79EFBC}") = "Assignment2.2", "Assignment2.2\Assignment2.2.csproj", "{5319C378-53A9-4A1A-9948-5B1F8B8CDED2}"
EndProject
Project("{FAE04EC0-301F-11D3-BF4B-00C04F79EFBC}") = "Assignment3", "Assignment3\Assignment3.csproj", "{51985444-7383-4A38-A653-85115A61F2C3}"
EndProject
Project("{FAE04EC0-301F-11D3-BF4B-00C04F79EFBC}") = "Assignment4", "Assignment4\Assignment4.csproj", "{6064CB03-03BE-48AF-BDF1-608B224E9787}"
EndProject
Global
	GlobalSection(SolutionConfigurationPlatforms) = preSolution
		Debug|Any CPU = Debug|Any CPU
		Release|Any CPU = Release|Any CPU
	EndGlobalSection
	GlobalSection(ProjectConfigurationPlatforms) = postSolution
		{37CF6641-5964-473D-8804-0B24FBCB4B29}.Debug|Any CPU.ActiveCfg = Debug|Any CPU
		{37CF6641-5964-473D-8804-0B24FBCB4B29}.Debug|Any CPU.Build.0 = Debug|Any CPU
		{37CF6641-5964-473D-8804-0B24FBCB4B29}.Release|Any CPU.ActiveCfg = Release|Any CPU
		{37CF6641-5964-473D-8804-0B24FBCB4B29}.Release|Any CPU.Build.0 = Release|Any CPU
		{5EAEADF0-4ED5-485F-8657-B65352818D72}.Debug|Any CPU.ActiveCfg = Debug|Any CPU
		{5EAEADF0-4ED5-485F-8657-B65352818D72}.Debug|Any CPU.Build.0 = Debug|Any CPU
		{5EAEADF0-4ED5-485F-8657-B65352818D72}.Release|Any CPU.ActiveCfg = Release|Any CPU
		{5EAEADF0-4ED5-485F-8657-B65352818D72}.Release|Any CPU.Build.0 = Release|Any CPU
		{C8EAAE68-2563-4B17-951B-E364DDF77640}.Debug|Any CPU.ActiveCfg = Debug|Any CPU
		{C8EAAE68-2563-4B17-951B-E364DDF77640}.Debug|Any CPU.Build.0 = Debug|Any CPU
		{C8EAAE68-2563-4B17-951B-E364DDF77640}.Release|Any CPU.ActiveCfg = Release|Any CPU
		{C8EAAE68-2563-4B17-951B-E364DDF77640}.Release|Any CPU.Build.0 = Release|Any CPU
		{5319C378-53A9-4A1A-9948-5B1F8B8CDED2}.Debug|Any CPU.ActiveCfg = Debug|Any CPU
		{5319C378-53A9-4A1A-9948-5B1F8B8CDED2}.Debug|Any CPU.Build.0 = Debug|Any CPU
		{5319C378-53A9-4A1A-9948-5B1F8B8CDED2}.Release|Any CPU.ActiveCfg = Release|Any CPU
		{5319C378-53A9-4A1A-9948-5B1F8B8CDED2}.Release|Any CPU.Build.0 = Release|Any CPU
		{51985444-7383-4A38-A653-85115A61F2C3}.Debug|Any CPU.ActiveCfg = Debug|Any CPU
		{51985444-7383-4A38-A653-85115A61F2C3}.Debug|Any CPU.Build.0 = Debug|Any CPU
		{51985444-7383-4A38-A653-85115A61F2C3}.Release|Any CPU.ActiveCfg = Release|Any CPU
		{51985444-7383-4A38-A653-85115A61F2C3}.Release|Any CPU.Build.0 = Release|Any CPU
		{6064CB03-03BE-48AF-BDF1-608B224E9787}.Debug|Any CPU.ActiveCfg = Debug|Any CPU
		{6064CB03-03BE-48AF-BDF1-608B224E9787}.Debug|Any CPU.Build.0 = Debug|Any CPU
		{6064CB03-03BE-48AF-BDF1-608B224E9787}.Release|Any CPU.ActiveCfg = Release|Any CPU
		{6064CB03-03BE-48AF-BDF1-608B224E9787}.Release|Any CPU.Build.0 = Release|Any CPU
	EndGlobalSection
	GlobalSection(SolutionProperties) = preSolution
		HideSolutionNode = FALSE
	EndGlobalSection
	GlobalSection(ExtensibilityGlobals) = postSolution
		SolutionGuid = {62ED29D6-3E00-45AA-8BB6-8E8CBCE6FC37}
	EndGlobalSection
EndGlobal
